
Microsoft Visual Studio Solution File, Format Version 12.00
# Visual Studio Version 17
VisualStudioVersion = 17.2.32602.215
MinimumVisualStudioVersion = 10.0.40219.1
Project("{FAE04EC0-301F-11D3-BF4B-00C04F79EFBC}") = "GorevAtamaProject.WebUI", "GorevAtamaProject.WebUI\GorevAtamaProject.WebUI.csproj", "{FE863680-9093-44E0-A4D4-E48EA21BB84F}"
EndProject
Project("{FAE04EC0-301F-11D3-BF4B-00C04F79EFBC}") = "GorevAtamaProject.Entity", "GorevAtamaProject.Entity\GorevAtamaProject.Entity.csproj", "{3C36A9EF-2E7E-4C50-A13D-39E24AC9B948}"
EndProject
Project("{FAE04EC0-301F-11D3-BF4B-00C04F79EFBC}") = "GorevAtamaProject.Data", "GorevAtamaProject.Data\GorevAtamaProject.Data.csproj", "{F4E7660C-BE22-4923-B3E3-3CF26D4FB5BE}"
EndProject
Project("{FAE04EC0-301F-11D3-BF4B-00C04F79EFBC}") = "GorevAtamaProject.Business", "GorevAtamaProject.Business\GorevAtamaProject.Business.csproj", "{09E52977-F124-4711-8CB0-12C0B947AF20}"
EndProject
Global
	GlobalSection(SolutionConfigurationPlatforms) = preSolution
		Debug|Any CPU = Debug|Any CPU
		Release|Any CPU = Release|Any CPU
	EndGlobalSection
	GlobalSection(ProjectConfigurationPlatforms) = postSolution
		{FE863680-9093-44E0-A4D4-E48EA21BB84F}.Debug|Any CPU.ActiveCfg = Debug|Any CPU
		{FE863680-9093-44E0-A4D4-E48EA21BB84F}.Debug|Any CPU.Build.0 = Debug|Any CPU
		{FE863680-9093-44E0-A4D4-E48EA21BB84F}.Release|Any CPU.ActiveCfg = Release|Any CPU
		{FE863680-9093-44E0-A4D4-E48EA21BB84F}.Release|Any CPU.Build.0 = Release|Any CPU
		{3C36A9EF-2E7E-4C50-A13D-39E24AC9B948}.Debug|Any CPU.ActiveCfg = Debug|Any CPU
		{3C36A9EF-2E7E-4C50-A13D-39E24AC9B948}.Debug|Any CPU.Build.0 = Debug|Any CPU
		{3C36A9EF-2E7E-4C50-A13D-39E24AC9B948}.Release|Any CPU.ActiveCfg = Release|Any CPU
		{3C36A9EF-2E7E-4C50-A13D-39E24AC9B948}.Release|Any CPU.Build.0 = Release|Any CPU
		{F4E7660C-BE22-4923-B3E3-3CF26D4FB5BE}.Debug|Any CPU.ActiveCfg = Debug|Any CPU
		{F4E7660C-BE22-4923-B3E3-3CF26D4FB5BE}.Debug|Any CPU.Build.0 = Debug|Any CPU
		{F4E7660C-BE22-4923-B3E3-3CF26D4FB5BE}.Release|Any CPU.ActiveCfg = Release|Any CPU
		{F4E7660C-BE22-4923-B3E3-3CF26D4FB5BE}.Release|Any CPU.Build.0 = Release|Any CPU
		{09E52977-F124-4711-8CB0-12C0B947AF20}.Debug|Any CPU.ActiveCfg = Debug|Any CPU
		{09E52977-F124-4711-8CB0-12C0B947AF20}.Debug|Any CPU.Build.0 = Debug|Any CPU
		{09E52977-F124-4711-8CB0-12C0B947AF20}.Release|Any CPU.ActiveCfg = Release|Any CPU
		{09E52977-F124-4711-8CB0-12C0B947AF20}.Release|Any CPU.Build.0 = Release|Any CPU
	EndGlobalSection
	GlobalSection(SolutionProperties) = preSolution
		HideSolutionNode = FALSE
	EndGlobalSection
	GlobalSection(ExtensibilityGlobals) = postSolution
		SolutionGuid = {DD3DC557-7967-4A5A-A983-F7F8AAC5C605}
	EndGlobalSection
EndGlobal
